
Microsoft Visual Studio Solution File, Format Version 12.00
# Visual Studio 15
VisualStudioVersion = 15.0.28010.2041
MinimumVisualStudioVersion = 10.0.40219.1
Project("{FAE04EC0-301F-11D3-BF4B-00C04F79EFBC}") = "TestGame", "TestGame\TestGame.csproj", "{26A90F80-4846-42F9-BAC8-31F58BA812FA}"
EndProject
Global
	GlobalSection(SolutionConfigurationPlatforms) = preSolution
		Debug|x86 = Debug|x86
		Release|x86 = Release|x86
	EndGlobalSection
	GlobalSection(ProjectConfigurationPlatforms) = postSolution
		{26A90F80-4846-42F9-BAC8-31F58BA812FA}.Debug|x86.ActiveCfg = Debug|x86
		{26A90F80-4846-42F9-BAC8-31F58BA812FA}.Debug|x86.Build.0 = Debug|x86
		{26A90F80-4846-42F9-BAC8-31F58BA812FA}.Release|x86.ActiveCfg = Release|x86
		{26A90F80-4846-42F9-BAC8-31F58BA812FA}.Release|x86.Build.0 = Release|x86
	EndGlobalSection
	GlobalSection(SolutionProperties) = preSolution
		HideSolutionNode = FALSE
	EndGlobalSection
	GlobalSection(ExtensibilityGlobals) = postSolution
		SolutionGuid = {39B60062-BD31-4E9A-8B72-6AAB06CC5B47}
	EndGlobalSection
EndGlobal
